
Microsoft Visual Studio Solution File, Format Version 12.00
# Visual Studio Version 17
VisualStudioVersion = 17.6.33723.286
MinimumVisualStudioVersion = 10.0.40219.1
Project("{FAE04EC0-301F-11D3-BF4B-00C04F79EFBC}") = "AtmMachine", "AtmMachine.csproj", "{157EBAE2-F734-4B8F-AE2B-18F0067F3EB6}"
EndProject
Global
	GlobalSection(SolutionConfigurationPlatforms) = preSolution
		Debug|Any CPU = Debug|Any CPU
		Release|Any CPU = Release|Any CPU
	EndGlobalSection
	GlobalSection(ProjectConfigurationPlatforms) = postSolution
		{157EBAE2-F734-4B8F-AE2B-18F0067F3EB6}.Debug|Any CPU.ActiveCfg = Debug|Any CPU
		{157EBAE2-F734-4B8F-AE2B-18F0067F3EB6}.Debug|Any CPU.Build.0 = Debug|Any CPU
		{157EBAE2-F734-4B8F-AE2B-18F0067F3EB6}.Release|Any CPU.ActiveCfg = Release|Any CPU
		{157EBAE2-F734-4B8F-AE2B-18F0067F3EB6}.Release|Any CPU.Build.0 = Release|Any CPU
	EndGlobalSection
	GlobalSection(SolutionProperties) = preSolution
		HideSolutionNode = FALSE
	EndGlobalSection
	GlobalSection(ExtensibilityGlobals) = postSolution
		SolutionGuid = {EB71EC6F-E187-4649-ABED-A64C0684538D}
	EndGlobalSection
EndGlobal
